
Microsoft Visual Studio Solution File, Format Version 12.00
# Visual Studio Version 17
VisualStudioVersion = 17.9.34728.123
MinimumVisualStudioVersion = 10.0.40219.1
Project("{FAE04EC0-301F-11D3-BF4B-00C04F79EFBC}") = "8pazzle-bfs-rbfs", "8pazzle-bfs-rbfs.csproj", "{5B33E172-FA17-486D-91CC-9FDB4EAF4C20}"
EndProject
Global
	GlobalSection(SolutionConfigurationPlatforms) = preSolution
		Debug|Any CPU = Debug|Any CPU
		Release|Any CPU = Release|Any CPU
	EndGlobalSection
	GlobalSection(ProjectConfigurationPlatforms) = postSolution
		{5B33E172-FA17-486D-91CC-9FDB4EAF4C20}.Debug|Any CPU.ActiveCfg = Debug|Any CPU
		{5B33E172-FA17-486D-91CC-9FDB4EAF4C20}.Debug|Any CPU.Build.0 = Debug|Any CPU
		{5B33E172-FA17-486D-91CC-9FDB4EAF4C20}.Release|Any CPU.ActiveCfg = Release|Any CPU
		{5B33E172-FA17-486D-91CC-9FDB4EAF4C20}.Release|Any CPU.Build.0 = Release|Any CPU
	EndGlobalSection
	GlobalSection(SolutionProperties) = preSolution
		HideSolutionNode = FALSE
	EndGlobalSection
	GlobalSection(ExtensibilityGlobals) = postSolution
		SolutionGuid = {936B4EB8-12E0-4C3A-B647-B833E2D2D91A}
	EndGlobalSection
EndGlobal
